<?xml version="1.0" encoding="UTF-8" standalone="yes" ?>
<CodeBlocks_project_file>
	<FileVersion major="1" minor="6" />
	<Project>
		<Option title="Gorgona" />
		<Option pch_mode="2" />
		<Option compiler="gcc" />
		<Build>
			<Target title="Debug">
				<Option output="build/gorgona_debug" prefix_auto="1" extension_auto="1" />
				<Option object_output="build/obj/" />
				<Option type="1" />
				<Option compiler="gcc" />
				<Compiler>
					<Add option="-g" />
				</Compiler>
			</Target>
			<Target title="Release">
				<Option output="build/gorgona" prefix_auto="1" extension_auto="1" />
				<Option object_output="build/obj/" />
				<Option type="1" />
				<Option compiler="gcc" />
				<Compiler>
					<Add option="-O2" />
				</Compiler>
				<Linker>
					<Add option="-s" />
				</Linker>
			</Target>
		</Build>
		<Compiler>
			<Add option="-Wall" />
			<Add directory="/opt/foxlib/1.7/64/include/fox-1.7" />
			<Add directory="include" />
		</Compiler>
		<Linker>
			<Add library="/opt/foxlib/1.7/64/lib/libFOX-1.7.a" />
			<Add library="/opt/foxlib/1.7/64/lib/libCHART-1.7.a" />
			<Add library="tinyxml" />
			<Add library="lua5.1" />
			<Add library="GL" />
			<Add library="GLU" />
			<Add library="Xfixes" />
			<Add library="xcb" />
			<Add library="xcb-shm" />
			<Add library="Xrender" />
			<Add library="Xrandr" />
			<Add library="Xft" />
			<Add library="Xcursor" />
			<Add library="Xi" />
			<Add library="Xext" />
			<Add library="fontconfig" />
			<Add library="X11" />
			<Add library="pthread" />
			<Add library="jpeg" />
			<Add library="png" />
			<Add library="tiff" />
			<Add directory="/opt/libfox/1.7/56/lib" />
		</Linker>
		<Unit filename="include/FXGameItem.h" />
		<Unit filename="include/FXGameLauncher.h" />
		<Unit filename="include/FXLaunchEditor.h" />
		<Unit filename="include/FXLauncherLua.h" />
		<Unit filename="include/FXListPane.h" />
		<Unit filename="include/GO_Keywords.h" />
		<Unit filename="include/GorgonaProcess/Process.h" />
		<Unit filename="include/IconsTheme.h" />
		<Unit filename="include/Utils.h" />
		<Unit filename="src/FXGameItem.cpp" />
		<Unit filename="src/FXGameLauncher.cpp" />
		<Unit filename="src/FXLaunchEditor.cpp" />
		<Unit filename="src/FXLauncherLua.cpp" />
		<Unit filename="src/FXListPane.cpp" />
		<Unit filename="src/GO_Keywords.cpp" />
		<Unit filename="src/IconsTheme.cpp" />
		<Unit filename="src/Process.cpp" />
		<Unit filename="src/Utils.cpp" />
		<Unit filename="src/main.cpp" />
		<Extensions>
			<code_completion />
			<envvars />
			<debugger />
			<lib_finder disable_auto="1" />
			<DoxyBlocks>
				<comment_style block="0" line="0" />
				<doxyfile_project />
				<doxyfile_build />
				<doxyfile_warnings />
				<doxyfile_output />
				<doxyfile_dot />
				<general />
			</DoxyBlocks>
		</Extensions>
	</Project>
</CodeBlocks_project_file>
